
Microsoft Visual Studio Solution File, Format Version 12.00
# Visual Studio Version 16
VisualStudioVersion = 16.0.29728.190
MinimumVisualStudioVersion = 10.0.40219.1
Project("{8BC9CEB8-8B4A-11D0-8D11-00A0C91BC942}") = "AIE_C++_", "AIE_C++_\AIE_C++_.vcxproj", "{C6B6AF81-90F8-43BC-80A2-D5256406B6FC}"
EndProject
Project("{8BC9CEB8-8B4A-11D0-8D11-00A0C91BC942}") = "AIE_C++_SharedLetters", "AIE_C++_SharedLetters\AIE_C++_SharedLetters.vcxproj", "{E33696C3-AF2B-4820-B63E-7C2D27E927FD}"
EndProject
Project("{8BC9CEB8-8B4A-11D0-8D11-00A0C91BC942}") = "AIE_Collections", "collections\collections.vcxproj", "{CE8C74DF-D2B7-4AC5-B00E-8D37E739EE52}"
EndProject
Project("{8BC9CEB8-8B4A-11D0-8D11-00A0C91BC942}") = "UnitTesting", "UnitTesting\UnitTesting.vcxproj", "{1C8079F4-53FD-468B-B340-F4E577D8BC85}"
EndProject
Project("{8BC9CEB8-8B4A-11D0-8D11-00A0C91BC942}") = "AIE_C++_LinkedList", "AIE_C++_LinkedList\AIE_C++_LinkedList.vcxproj", "{4DA8E714-39C0-4C12-9BBE-00A39B29A433}"
EndProject
Project("{8BC9CEB8-8B4A-11D0-8D11-00A0C91BC942}") = "AIE_C++_IsValidHex", "AIE_C++_IsValidHex\AIE_C++_IsValidHex.vcxproj", "{CBC3AA1B-1FBA-4F69-91EC-10136CD18FD5}"
EndProject
Project("{8BC9CEB8-8B4A-11D0-8D11-00A0C91BC942}") = "MiniSudoku", "MiniSudoku\MiniSudoku.vcxproj", "{63652BF4-AB8F-4254-B475-8C81CC0DC6DE}"
EndProject
Project("{8BC9CEB8-8B4A-11D0-8D11-00A0C91BC942}") = "BinaryTrees", "BinaryTrees\BinaryTrees.vcxproj", "{1907B779-212C-4BC7-83F4-7E2E8238B611}"
EndProject
Project("{8BC9CEB8-8B4A-11D0-8D11-00A0C91BC942}") = "LetterShifting", "LetterShifting\LetterShifting.vcxproj", "{CA813586-6B5C-4292-B817-E00921CC4931}"
EndProject
Project("{8BC9CEB8-8B4A-11D0-8D11-00A0C91BC942}") = "IPCServer", "IPCServer\IPCServer.vcxproj", "{96188C60-406B-4206-B493-FF614AC0CFCD}"
EndProject
Project("{8BC9CEB8-8B4A-11D0-8D11-00A0C91BC942}") = "AIE_IPC", "AIE_IPC\AIE_IPC.vcxproj", "{1563CD13-E83C-45E6-82AE-97CD058B83DE}"
EndProject
Global
	GlobalSection(SolutionConfigurationPlatforms) = preSolution
		Debug|Any CPU = Debug|Any CPU
		Debug|x64 = Debug|x64
		Debug|x86 = Debug|x86
		Release|Any CPU = Release|Any CPU
		Release|x64 = Release|x64
		Release|x86 = Release|x86
	EndGlobalSection
	GlobalSection(ProjectConfigurationPlatforms) = postSolution
		{C6B6AF81-90F8-43BC-80A2-D5256406B6FC}.Debug|Any CPU.ActiveCfg = Debug|Win32
		{C6B6AF81-90F8-43BC-80A2-D5256406B6FC}.Debug|x64.ActiveCfg = Debug|x64
		{C6B6AF81-90F8-43BC-80A2-D5256406B6FC}.Debug|x64.Build.0 = Debug|x64
		{C6B6AF81-90F8-43BC-80A2-D5256406B6FC}.Debug|x86.ActiveCfg = Debug|Win32
		{C6B6AF81-90F8-43BC-80A2-D5256406B6FC}.Debug|x86.Build.0 = Debug|Win32
		{C6B6AF81-90F8-43BC-80A2-D5256406B6FC}.Release|Any CPU.ActiveCfg = Release|Win32
		{C6B6AF81-90F8-43BC-80A2-D5256406B6FC}.Release|x64.ActiveCfg = Release|x64
		{C6B6AF81-90F8-43BC-80A2-D5256406B6FC}.Release|x64.Build.0 = Release|x64
		{C6B6AF81-90F8-43BC-80A2-D5256406B6FC}.Release|x86.ActiveCfg = Release|Win32
		{C6B6AF81-90F8-43BC-80A2-D5256406B6FC}.Release|x86.Build.0 = Release|Win32
		{E33696C3-AF2B-4820-B63E-7C2D27E927FD}.Debug|Any CPU.ActiveCfg = Debug|Win32
		{E33696C3-AF2B-4820-B63E-7C2D27E927FD}.Debug|x64.ActiveCfg = Debug|x64
		{E33696C3-AF2B-4820-B63E-7C2D27E927FD}.Debug|x64.Build.0 = Debug|x64
		{E33696C3-AF2B-4820-B63E-7C2D27E927FD}.Debug|x86.ActiveCfg = Debug|Win32
		{E33696C3-AF2B-4820-B63E-7C2D27E927FD}.Debug|x86.Build.0 = Debug|Win32
		{E33696C3-AF2B-4820-B63E-7C2D27E927FD}.Release|Any CPU.ActiveCfg = Release|Win32
		{E33696C3-AF2B-4820-B63E-7C2D27E927FD}.Release|x64.ActiveCfg = Release|x64
		{E33696C3-AF2B-4820-B63E-7C2D27E927FD}.Release|x64.Build.0 = Release|x64
		{E33696C3-AF2B-4820-B63E-7C2D27E927FD}.Release|x86.ActiveCfg = Release|Win32
		{E33696C3-AF2B-4820-B63E-7C2D27E927FD}.Release|x86.Build.0 = Release|Win32
		{CE8C74DF-D2B7-4AC5-B00E-8D37E739EE52}.Debug|Any CPU.ActiveCfg = Debug|Win32
		{CE8C74DF-D2B7-4AC5-B00E-8D37E739EE52}.Debug|x64.ActiveCfg = Debug|x64
		{CE8C74DF-D2B7-4AC5-B00E-8D37E739EE52}.Debug|x64.Build.0 = Debug|x64
		{CE8C74DF-D2B7-4AC5-B00E-8D37E739EE52}.Debug|x86.ActiveCfg = Debug|Win32
		{CE8C74DF-D2B7-4AC5-B00E-8D37E739EE52}.Debug|x86.Build.0 = Debug|Win32
		{CE8C74DF-D2B7-4AC5-B00E-8D37E739EE52}.Release|Any CPU.ActiveCfg = Release|Win32
		{CE8C74DF-D2B7-4AC5-B00E-8D37E739EE52}.Release|x64.ActiveCfg = Release|x64
		{CE8C74DF-D2B7-4AC5-B00E-8D37E739EE52}.Release|x64.Build.0 = Release|x64
		{CE8C74DF-D2B7-4AC5-B00E-8D37E739EE52}.Release|x86.ActiveCfg = Release|Win32
		{CE8C74DF-D2B7-4AC5-B00E-8D37E739EE52}.Release|x86.Build.0 = Release|Win32
		{1C8079F4-53FD-468B-B340-F4E577D8BC85}.Debug|Any CPU.ActiveCfg = Debug|Win32
		{1C8079F4-53FD-468B-B340-F4E577D8BC85}.Debug|x64.ActiveCfg = Debug|x64
		{1C8079F4-53FD-468B-B340-F4E577D8BC85}.Debug|x64.Build.0 = Debug|x64
		{1C8079F4-53FD-468B-B340-F4E577D8BC85}.Debug|x86.ActiveCfg = Debug|Win32
		{1C8079F4-53FD-468B-B340-F4E577D8BC85}.Debug|x86.Build.0 = Debug|Win32
		{1C8079F4-53FD-468B-B340-F4E577D8BC85}.Release|Any CPU.ActiveCfg = Release|Win32
		{1C8079F4-53FD-468B-B340-F4E577D8BC85}.Release|x64.ActiveCfg = Release|x64
		{1C8079F4-53FD-468B-B340-F4E577D8BC85}.Release|x64.Build.0 = Release|x64
		{1C8079F4-53FD-468B-B340-F4E577D8BC85}.Release|x86.ActiveCfg = Release|Win32
		{1C8079F4-53FD-468B-B340-F4E577D8BC85}.Release|x86.Build.0 = Release|Win32
		{4DA8E714-39C0-4C12-9BBE-00A39B29A433}.Debug|Any CPU.ActiveCfg = Debug|Win32
		{4DA8E714-39C0-4C12-9BBE-00A39B29A433}.Debug|x64.ActiveCfg = Debug|x64
		{4DA8E714-39C0-4C12-9BBE-00A39B29A433}.Debug|x64.Build.0 = Debug|x64
		{4DA8E714-39C0-4C12-9BBE-00A39B29A433}.Debug|x86.ActiveCfg = Debug|Win32
		{4DA8E714-39C0-4C12-9BBE-00A39B29A433}.Debug|x86.Build.0 = Debug|Win32
		{4DA8E714-39C0-4C12-9BBE-00A39B29A433}.Release|Any CPU.ActiveCfg = Release|Win32
		{4DA8E714-39C0-4C12-9BBE-00A39B29A433}.Release|x64.ActiveCfg = Release|x64
		{4DA8E714-39C0-4C12-9BBE-00A39B29A433}.Release|x64.Build.0 = Release|x64
		{4DA8E714-39C0-4C12-9BBE-00A39B29A433}.Release|x86.ActiveCfg = Release|Win32
		{4DA8E714-39C0-4C12-9BBE-00A39B29A433}.Release|x86.Build.0 = Release|Win32
		{CBC3AA1B-1FBA-4F69-91EC-10136CD18FD5}.Debug|Any CPU.ActiveCfg = Debug|Win32
		{CBC3AA1B-1FBA-4F69-91EC-10136CD18FD5}.Debug|x64.ActiveCfg = Debug|x64
		{CBC3AA1B-1FBA-4F69-91EC-10136CD18FD5}.Debug|x64.Build.0 = Debug|x64
		{CBC3AA1B-1FBA-4F69-91EC-10136CD18FD5}.Debug|x86.ActiveCfg = Debug|Win32
		{CBC3AA1B-1FBA-4F69-91EC-10136CD18FD5}.Debug|x86.Build.0 = Debug|Win32
		{CBC3AA1B-1FBA-4F69-91EC-10136CD18FD5}.Release|Any CPU.ActiveCfg = Release|Win32
		{CBC3AA1B-1FBA-4F69-91EC-10136CD18FD5}.Release|x64.ActiveCfg = Release|x64
		{CBC3AA1B-1FBA-4F69-91EC-10136CD18FD5}.Release|x64.Build.0 = Release|x64
		{CBC3AA1B-1FBA-4F69-91EC-10136CD18FD5}.Release|x86.ActiveCfg = Release|Win32
		{CBC3AA1B-1FBA-4F69-91EC-10136CD18FD5}.Release|x86.Build.0 = Release|Win32
		{63652BF4-AB8F-4254-B475-8C81CC0DC6DE}.Debug|Any CPU.ActiveCfg = Debug|Win32
		{63652BF4-AB8F-4254-B475-8C81CC0DC6DE}.Debug|x64.ActiveCfg = Debug|x64
		{63652BF4-AB8F-4254-B475-8C81CC0DC6DE}.Debug|x64.Build.0 = Debug|x64
		{63652BF4-AB8F-4254-B475-8C81CC0DC6DE}.Debug|x86.ActiveCfg = Debug|Win32
		{63652BF4-AB8F-4254-B475-8C81CC0DC6DE}.Debug|x86.Build.0 = Debug|Win32
		{63652BF4-AB8F-4254-B475-8C81CC0DC6DE}.Release|Any CPU.ActiveCfg = Release|Win32
		{63652BF4-AB8F-4254-B475-8C81CC0DC6DE}.Release|x64.ActiveCfg = Release|x64
		{63652BF4-AB8F-4254-B475-8C81CC0DC6DE}.Release|x64.Build.0 = Release|x64
		{63652BF4-AB8F-4254-B475-8C81CC0DC6DE}.Release|x86.ActiveCfg = Release|Win32
		{63652BF4-AB8F-4254-B475-8C81CC0DC6DE}.Release|x86.Build.0 = Release|Win32
		{1907B779-212C-4BC7-83F4-7E2E8238B611}.Debug|Any CPU.ActiveCfg = Debug|Win32
		{1907B779-212C-4BC7-83F4-7E2E8238B611}.Debug|x64.ActiveCfg = Debug|x64
		{1907B779-212C-4BC7-83F4-7E2E8238B611}.Debug|x64.Build.0 = Debug|x64
		{1907B779-212C-4BC7-83F4-7E2E8238B611}.Debug|x86.ActiveCfg = Debug|Win32
		{1907B779-212C-4BC7-83F4-7E2E8238B611}.Debug|x86.Build.0 = Debug|Win32
		{1907B779-212C-4BC7-83F4-7E2E8238B611}.Release|Any CPU.ActiveCfg = Release|Win32
		{1907B779-212C-4BC7-83F4-7E2E8238B611}.Release|x64.ActiveCfg = Release|x64
		{1907B779-212C-4BC7-83F4-7E2E8238B611}.Release|x64.Build.0 = Release|x64
		{1907B779-212C-4BC7-83F4-7E2E8238B611}.Release|x86.ActiveCfg = Release|Win32
		{1907B779-212C-4BC7-83F4-7E2E8238B611}.Release|x86.Build.0 = Release|Win32
		{CA813586-6B5C-4292-B817-E00921CC4931}.Debug|Any CPU.ActiveCfg = Debug|Win32
		{CA813586-6B5C-4292-B817-E00921CC4931}.Debug|x64.ActiveCfg = Debug|x64
		{CA813586-6B5C-4292-B817-E00921CC4931}.Debug|x64.Build.0 = Debug|x64
		{CA813586-6B5C-4292-B817-E00921CC4931}.Debug|x86.ActiveCfg = Debug|Win32
		{CA813586-6B5C-4292-B817-E00921CC4931}.Debug|x86.Build.0 = Debug|Win32
		{CA813586-6B5C-4292-B817-E00921CC4931}.Release|Any CPU.ActiveCfg = Release|Win32
		{CA813586-6B5C-4292-B817-E00921CC4931}.Release|x64.ActiveCfg = Release|x64
		{CA813586-6B5C-4292-B817-E00921CC4931}.Release|x64.Build.0 = Release|x64
		{CA813586-6B5C-4292-B817-E00921CC4931}.Release|x86.ActiveCfg = Release|Win32
		{CA813586-6B5C-4292-B817-E00921CC4931}.Release|x86.Build.0 = Release|Win32
		{96188C60-406B-4206-B493-FF614AC0CFCD}.Debug|Any CPU.ActiveCfg = Debug|Win32
		{96188C60-406B-4206-B493-FF614AC0CFCD}.Debug|x64.ActiveCfg = Debug|x64
		{96188C60-406B-4206-B493-FF614AC0CFCD}.Debug|x64.Build.0 = Debug|x64
		{96188C60-406B-4206-B493-FF614AC0CFCD}.Debug|x86.ActiveCfg = Debug|Win32
		{96188C60-406B-4206-B493-FF614AC0CFCD}.Debug|x86.Build.0 = Debug|Win32
		{96188C60-406B-4206-B493-FF614AC0CFCD}.Release|Any CPU.ActiveCfg = Release|Win32
		{96188C60-406B-4206-B493-FF614AC0CFCD}.Release|x64.ActiveCfg = Release|x64
		{96188C60-406B-4206-B493-FF614AC0CFCD}.Release|x64.Build.0 = Release|x64
		{96188C60-406B-4206-B493-FF614AC0CFCD}.Release|x86.ActiveCfg = Release|Win32
		{96188C60-406B-4206-B493-FF614AC0CFCD}.Release|x86.Build.0 = Release|Win32
		{1563CD13-E83C-45E6-82AE-97CD058B83DE}.Debug|Any CPU.ActiveCfg = Debug|Win32
		{1563CD13-E83C-45E6-82AE-97CD058B83DE}.Debug|x64.ActiveCfg = Debug|x64
		{1563CD13-E83C-45E6-82AE-97CD058B83DE}.Debug|x64.Build.0 = Debug|x64
		{1563CD13-E83C-45E6-82AE-97CD058B83DE}.Debug|x86.ActiveCfg = Debug|Win32
		{1563CD13-E83C-45E6-82AE-97CD058B83DE}.Debug|x86.Build.0 = Debug|Win32
		{1563CD13-E83C-45E6-82AE-97CD058B83DE}.Release|Any CPU.ActiveCfg = Release|Win32
		{1563CD13-E83C-45E6-82AE-97CD058B83DE}.Release|x64.ActiveCfg = Release|x64
		{1563CD13-E83C-45E6-82AE-97CD058B83DE}.Release|x64.Build.0 = Release|x64
		{1563CD13-E83C-45E6-82AE-97CD058B83DE}.Release|x86.ActiveCfg = Release|Win32
		{1563CD13-E83C-45E6-82AE-97CD058B83DE}.Release|x86.Build.0 = Release|Win32
	EndGlobalSection
	GlobalSection(SolutionProperties) = preSolution
		HideSolutionNode = FALSE
	EndGlobalSection
	GlobalSection(ExtensibilityGlobals) = postSolution
		SolutionGuid = {E37E5D76-1055-4575-A8AF-0F123BC0663D}
	EndGlobalSection
EndGlobal
