
Microsoft Visual Studio Solution File, Format Version 12.00
# Visual Studio Version 16
VisualStudioVersion = 16.0.29728.190
MinimumVisualStudioVersion = 10.0.40219.1
Project("{2150E333-8FDC-42A3-9474-1A3956D46DE8}") = "Warmups", "Warmups", "{30C38A11-B5F2-4E91-9221-B76BFB1172CD}"
EndProject
Project("{2150E333-8FDC-42A3-9474-1A3956D46DE8}") = "Assessment", "Assessment", "{87E0C799-DA20-4A93-ABEB-D06B6B997E5E}"
EndProject
Project("{2150E333-8FDC-42A3-9474-1A3956D46DE8}") = "Exercises", "Exercises", "{92AA9CDD-C0D4-4818-9976-4EF9CDC450C8}"
EndProject
Project("{8BC9CEB8-8B4A-11D0-8D11-00A0C91BC942}") = "Collections", "Assessment\AIE_C++_LinkedList\AIE_C++_LinkedList.vcxproj", "{4DA8E714-39C0-4C12-9BBE-00A39B29A433}"
EndProject
Project("{8BC9CEB8-8B4A-11D0-8D11-00A0C91BC942}") = "AIE_IPC", "Assessment\AIE_IPC\AIE_IPC.vcxproj", "{1563CD13-E83C-45E6-82AE-97CD058B83DE}"
EndProject
Project("{8BC9CEB8-8B4A-11D0-8D11-00A0C91BC942}") = "AIE_PasswordHash", "Assessment\PasswordHash\AIE_PasswordHash.vcxproj", "{16CA8E76-DF69-4871-B44B-61F28FE5D3FC}"
EndProject
Project("{8BC9CEB8-8B4A-11D0-8D11-00A0C91BC942}") = "UnitTesting", "Assessment\UnitTesting\UnitTesting.vcxproj", "{1C8079F4-53FD-468B-B340-F4E577D8BC85}"
EndProject
Project("{8BC9CEB8-8B4A-11D0-8D11-00A0C91BC942}") = "BinaryTrees", "Exercises\BinaryTrees\BinaryTrees.vcxproj", "{1907B779-212C-4BC7-83F4-7E2E8238B611}"
EndProject
Project("{8BC9CEB8-8B4A-11D0-8D11-00A0C91BC942}") = "IPCClient", "Exercises\IPCClient\IPCClient.vcxproj", "{ABC80A76-C349-4E66-9BBE-47A1790F1920}"
EndProject
Project("{8BC9CEB8-8B4A-11D0-8D11-00A0C91BC942}") = "IPCServer", "Exercises\IPCServer\IPCServer.vcxproj", "{96188C60-406B-4206-B493-FF614AC0CFCD}"
EndProject
Project("{8BC9CEB8-8B4A-11D0-8D11-00A0C91BC942}") = "FindOdd", "Warmups\AIE_C++_\AIE_C++_.vcxproj", "{C6B6AF81-90F8-43BC-80A2-D5256406B6FC}"
EndProject
Project("{8BC9CEB8-8B4A-11D0-8D11-00A0C91BC942}") = "IsValidHex", "Warmups\AIE_C++_IsValidHex\AIE_C++_IsValidHex.vcxproj", "{CBC3AA1B-1FBA-4F69-91EC-10136CD18FD5}"
EndProject
Project("{8BC9CEB8-8B4A-11D0-8D11-00A0C91BC942}") = "SharedLetter", "Warmups\AIE_C++_SharedLetters\AIE_C++_SharedLetters.vcxproj", "{E33696C3-AF2B-4820-B63E-7C2D27E927FD}"
EndProject
Project("{8BC9CEB8-8B4A-11D0-8D11-00A0C91BC942}") = "LetterShifting", "Warmups\LetterShifting\LetterShifting.vcxproj", "{CA813586-6B5C-4292-B817-E00921CC4931}"
EndProject
Project("{8BC9CEB8-8B4A-11D0-8D11-00A0C91BC942}") = "MiniSudoku", "Warmups\MiniSudoku\MiniSudoku.vcxproj", "{63652BF4-AB8F-4254-B475-8C81CC0DC6DE}"
EndProject
Project("{8BC9CEB8-8B4A-11D0-8D11-00A0C91BC942}") = "RaylibBinary", "RaylibBinary\RaylibBinary.vcxproj", "{9F2A131B-D11A-4940-BA24-A9F1F9ACF30A}"
EndProject
Global
	GlobalSection(SolutionConfigurationPlatforms) = preSolution
		Debug|x64 = Debug|x64
		Debug|x86 = Debug|x86
		Release|x64 = Release|x64
		Release|x86 = Release|x86
	EndGlobalSection
	GlobalSection(ProjectConfigurationPlatforms) = postSolution
		{4DA8E714-39C0-4C12-9BBE-00A39B29A433}.Debug|x64.ActiveCfg = Debug|x64
		{4DA8E714-39C0-4C12-9BBE-00A39B29A433}.Debug|x64.Build.0 = Debug|x64
		{4DA8E714-39C0-4C12-9BBE-00A39B29A433}.Debug|x86.ActiveCfg = Debug|Win32
		{4DA8E714-39C0-4C12-9BBE-00A39B29A433}.Debug|x86.Build.0 = Debug|Win32
		{4DA8E714-39C0-4C12-9BBE-00A39B29A433}.Release|x64.ActiveCfg = Release|x64
		{4DA8E714-39C0-4C12-9BBE-00A39B29A433}.Release|x64.Build.0 = Release|x64
		{4DA8E714-39C0-4C12-9BBE-00A39B29A433}.Release|x86.ActiveCfg = Release|Win32
		{4DA8E714-39C0-4C12-9BBE-00A39B29A433}.Release|x86.Build.0 = Release|Win32
		{1563CD13-E83C-45E6-82AE-97CD058B83DE}.Debug|x64.ActiveCfg = Debug|x64
		{1563CD13-E83C-45E6-82AE-97CD058B83DE}.Debug|x64.Build.0 = Debug|x64
		{1563CD13-E83C-45E6-82AE-97CD058B83DE}.Debug|x86.ActiveCfg = Debug|Win32
		{1563CD13-E83C-45E6-82AE-97CD058B83DE}.Debug|x86.Build.0 = Debug|Win32
		{1563CD13-E83C-45E6-82AE-97CD058B83DE}.Release|x64.ActiveCfg = Release|x64
		{1563CD13-E83C-45E6-82AE-97CD058B83DE}.Release|x64.Build.0 = Release|x64
		{1563CD13-E83C-45E6-82AE-97CD058B83DE}.Release|x86.ActiveCfg = Release|Win32
		{1563CD13-E83C-45E6-82AE-97CD058B83DE}.Release|x86.Build.0 = Release|Win32
		{16CA8E76-DF69-4871-B44B-61F28FE5D3FC}.Debug|x64.ActiveCfg = Debug|x64
		{16CA8E76-DF69-4871-B44B-61F28FE5D3FC}.Debug|x64.Build.0 = Debug|x64
		{16CA8E76-DF69-4871-B44B-61F28FE5D3FC}.Debug|x86.ActiveCfg = Debug|Win32
		{16CA8E76-DF69-4871-B44B-61F28FE5D3FC}.Debug|x86.Build.0 = Debug|Win32
		{16CA8E76-DF69-4871-B44B-61F28FE5D3FC}.Release|x64.ActiveCfg = Release|x64
		{16CA8E76-DF69-4871-B44B-61F28FE5D3FC}.Release|x64.Build.0 = Release|x64
		{16CA8E76-DF69-4871-B44B-61F28FE5D3FC}.Release|x86.ActiveCfg = Release|Win32
		{16CA8E76-DF69-4871-B44B-61F28FE5D3FC}.Release|x86.Build.0 = Release|Win32
		{1C8079F4-53FD-468B-B340-F4E577D8BC85}.Debug|x64.ActiveCfg = Debug|x64
		{1C8079F4-53FD-468B-B340-F4E577D8BC85}.Debug|x64.Build.0 = Debug|x64
		{1C8079F4-53FD-468B-B340-F4E577D8BC85}.Debug|x86.ActiveCfg = Debug|Win32
		{1C8079F4-53FD-468B-B340-F4E577D8BC85}.Debug|x86.Build.0 = Debug|Win32
		{1C8079F4-53FD-468B-B340-F4E577D8BC85}.Release|x64.ActiveCfg = Release|x64
		{1C8079F4-53FD-468B-B340-F4E577D8BC85}.Release|x64.Build.0 = Release|x64
		{1C8079F4-53FD-468B-B340-F4E577D8BC85}.Release|x86.ActiveCfg = Release|Win32
		{1C8079F4-53FD-468B-B340-F4E577D8BC85}.Release|x86.Build.0 = Release|Win32
		{1907B779-212C-4BC7-83F4-7E2E8238B611}.Debug|x64.ActiveCfg = Debug|x64
		{1907B779-212C-4BC7-83F4-7E2E8238B611}.Debug|x64.Build.0 = Debug|x64
		{1907B779-212C-4BC7-83F4-7E2E8238B611}.Debug|x86.ActiveCfg = Debug|Win32
		{1907B779-212C-4BC7-83F4-7E2E8238B611}.Debug|x86.Build.0 = Debug|Win32
		{1907B779-212C-4BC7-83F4-7E2E8238B611}.Release|x64.ActiveCfg = Release|x64
		{1907B779-212C-4BC7-83F4-7E2E8238B611}.Release|x64.Build.0 = Release|x64
		{1907B779-212C-4BC7-83F4-7E2E8238B611}.Release|x86.ActiveCfg = Release|Win32
		{1907B779-212C-4BC7-83F4-7E2E8238B611}.Release|x86.Build.0 = Release|Win32
		{ABC80A76-C349-4E66-9BBE-47A1790F1920}.Debug|x64.ActiveCfg = Debug|x64
		{ABC80A76-C349-4E66-9BBE-47A1790F1920}.Debug|x64.Build.0 = Debug|x64
		{ABC80A76-C349-4E66-9BBE-47A1790F1920}.Debug|x86.ActiveCfg = Debug|Win32
		{ABC80A76-C349-4E66-9BBE-47A1790F1920}.Debug|x86.Build.0 = Debug|Win32
		{ABC80A76-C349-4E66-9BBE-47A1790F1920}.Release|x64.ActiveCfg = Release|x64
		{ABC80A76-C349-4E66-9BBE-47A1790F1920}.Release|x64.Build.0 = Release|x64
		{ABC80A76-C349-4E66-9BBE-47A1790F1920}.Release|x86.ActiveCfg = Release|Win32
		{ABC80A76-C349-4E66-9BBE-47A1790F1920}.Release|x86.Build.0 = Release|Win32
		{96188C60-406B-4206-B493-FF614AC0CFCD}.Debug|x64.ActiveCfg = Debug|x64
		{96188C60-406B-4206-B493-FF614AC0CFCD}.Debug|x64.Build.0 = Debug|x64
		{96188C60-406B-4206-B493-FF614AC0CFCD}.Debug|x86.ActiveCfg = Debug|Win32
		{96188C60-406B-4206-B493-FF614AC0CFCD}.Debug|x86.Build.0 = Debug|Win32
		{96188C60-406B-4206-B493-FF614AC0CFCD}.Release|x64.ActiveCfg = Release|x64
		{96188C60-406B-4206-B493-FF614AC0CFCD}.Release|x64.Build.0 = Release|x64
		{96188C60-406B-4206-B493-FF614AC0CFCD}.Release|x86.ActiveCfg = Release|Win32
		{96188C60-406B-4206-B493-FF614AC0CFCD}.Release|x86.Build.0 = Release|Win32
		{C6B6AF81-90F8-43BC-80A2-D5256406B6FC}.Debug|x64.ActiveCfg = Debug|x64
		{C6B6AF81-90F8-43BC-80A2-D5256406B6FC}.Debug|x64.Build.0 = Debug|x64
		{C6B6AF81-90F8-43BC-80A2-D5256406B6FC}.Debug|x86.ActiveCfg = Debug|Win32
		{C6B6AF81-90F8-43BC-80A2-D5256406B6FC}.Debug|x86.Build.0 = Debug|Win32
		{C6B6AF81-90F8-43BC-80A2-D5256406B6FC}.Release|x64.ActiveCfg = Release|x64
		{C6B6AF81-90F8-43BC-80A2-D5256406B6FC}.Release|x64.Build.0 = Release|x64
		{C6B6AF81-90F8-43BC-80A2-D5256406B6FC}.Release|x86.ActiveCfg = Release|Win32
		{C6B6AF81-90F8-43BC-80A2-D5256406B6FC}.Release|x86.Build.0 = Release|Win32
		{CBC3AA1B-1FBA-4F69-91EC-10136CD18FD5}.Debug|x64.ActiveCfg = Debug|x64
		{CBC3AA1B-1FBA-4F69-91EC-10136CD18FD5}.Debug|x64.Build.0 = Debug|x64
		{CBC3AA1B-1FBA-4F69-91EC-10136CD18FD5}.Debug|x86.ActiveCfg = Debug|Win32
		{CBC3AA1B-1FBA-4F69-91EC-10136CD18FD5}.Debug|x86.Build.0 = Debug|Win32
		{CBC3AA1B-1FBA-4F69-91EC-10136CD18FD5}.Release|x64.ActiveCfg = Release|x64
		{CBC3AA1B-1FBA-4F69-91EC-10136CD18FD5}.Release|x64.Build.0 = Release|x64
		{CBC3AA1B-1FBA-4F69-91EC-10136CD18FD5}.Release|x86.ActiveCfg = Release|Win32
		{CBC3AA1B-1FBA-4F69-91EC-10136CD18FD5}.Release|x86.Build.0 = Release|Win32
		{E33696C3-AF2B-4820-B63E-7C2D27E927FD}.Debug|x64.ActiveCfg = Debug|x64
		{E33696C3-AF2B-4820-B63E-7C2D27E927FD}.Debug|x64.Build.0 = Debug|x64
		{E33696C3-AF2B-4820-B63E-7C2D27E927FD}.Debug|x86.ActiveCfg = Debug|Win32
		{E33696C3-AF2B-4820-B63E-7C2D27E927FD}.Debug|x86.Build.0 = Debug|Win32
		{E33696C3-AF2B-4820-B63E-7C2D27E927FD}.Release|x64.ActiveCfg = Release|x64
		{E33696C3-AF2B-4820-B63E-7C2D27E927FD}.Release|x64.Build.0 = Release|x64
		{E33696C3-AF2B-4820-B63E-7C2D27E927FD}.Release|x86.ActiveCfg = Release|Win32
		{E33696C3-AF2B-4820-B63E-7C2D27E927FD}.Release|x86.Build.0 = Release|Win32
		{CA813586-6B5C-4292-B817-E00921CC4931}.Debug|x64.ActiveCfg = Debug|x64
		{CA813586-6B5C-4292-B817-E00921CC4931}.Debug|x64.Build.0 = Debug|x64
		{CA813586-6B5C-4292-B817-E00921CC4931}.Debug|x86.ActiveCfg = Debug|Win32
		{CA813586-6B5C-4292-B817-E00921CC4931}.Debug|x86.Build.0 = Debug|Win32
		{CA813586-6B5C-4292-B817-E00921CC4931}.Release|x64.ActiveCfg = Release|x64
		{CA813586-6B5C-4292-B817-E00921CC4931}.Release|x64.Build.0 = Release|x64
		{CA813586-6B5C-4292-B817-E00921CC4931}.Release|x86.ActiveCfg = Release|Win32
		{CA813586-6B5C-4292-B817-E00921CC4931}.Release|x86.Build.0 = Release|Win32
		{63652BF4-AB8F-4254-B475-8C81CC0DC6DE}.Debug|x64.ActiveCfg = Debug|x64
		{63652BF4-AB8F-4254-B475-8C81CC0DC6DE}.Debug|x64.Build.0 = Debug|x64
		{63652BF4-AB8F-4254-B475-8C81CC0DC6DE}.Debug|x86.ActiveCfg = Debug|Win32
		{63652BF4-AB8F-4254-B475-8C81CC0DC6DE}.Debug|x86.Build.0 = Debug|Win32
		{63652BF4-AB8F-4254-B475-8C81CC0DC6DE}.Release|x64.ActiveCfg = Release|x64
		{63652BF4-AB8F-4254-B475-8C81CC0DC6DE}.Release|x64.Build.0 = Release|x64
		{63652BF4-AB8F-4254-B475-8C81CC0DC6DE}.Release|x86.ActiveCfg = Release|Win32
		{63652BF4-AB8F-4254-B475-8C81CC0DC6DE}.Release|x86.Build.0 = Release|Win32
		{9F2A131B-D11A-4940-BA24-A9F1F9ACF30A}.Debug|x64.ActiveCfg = Debug|x64
		{9F2A131B-D11A-4940-BA24-A9F1F9ACF30A}.Debug|x64.Build.0 = Debug|x64
		{9F2A131B-D11A-4940-BA24-A9F1F9ACF30A}.Debug|x86.ActiveCfg = Debug|Win32
		{9F2A131B-D11A-4940-BA24-A9F1F9ACF30A}.Debug|x86.Build.0 = Debug|Win32
		{9F2A131B-D11A-4940-BA24-A9F1F9ACF30A}.Release|x64.ActiveCfg = Release|x64
		{9F2A131B-D11A-4940-BA24-A9F1F9ACF30A}.Release|x64.Build.0 = Release|x64
		{9F2A131B-D11A-4940-BA24-A9F1F9ACF30A}.Release|x86.ActiveCfg = Release|Win32
		{9F2A131B-D11A-4940-BA24-A9F1F9ACF30A}.Release|x86.Build.0 = Release|Win32
	EndGlobalSection
	GlobalSection(SolutionProperties) = preSolution
		HideSolutionNode = FALSE
	EndGlobalSection
	GlobalSection(NestedProjects) = preSolution
		{4DA8E714-39C0-4C12-9BBE-00A39B29A433} = {87E0C799-DA20-4A93-ABEB-D06B6B997E5E}
		{1563CD13-E83C-45E6-82AE-97CD058B83DE} = {87E0C799-DA20-4A93-ABEB-D06B6B997E5E}
		{16CA8E76-DF69-4871-B44B-61F28FE5D3FC} = {87E0C799-DA20-4A93-ABEB-D06B6B997E5E}
		{1C8079F4-53FD-468B-B340-F4E577D8BC85} = {87E0C799-DA20-4A93-ABEB-D06B6B997E5E}
		{1907B779-212C-4BC7-83F4-7E2E8238B611} = {92AA9CDD-C0D4-4818-9976-4EF9CDC450C8}
		{ABC80A76-C349-4E66-9BBE-47A1790F1920} = {92AA9CDD-C0D4-4818-9976-4EF9CDC450C8}
		{96188C60-406B-4206-B493-FF614AC0CFCD} = {92AA9CDD-C0D4-4818-9976-4EF9CDC450C8}
		{C6B6AF81-90F8-43BC-80A2-D5256406B6FC} = {30C38A11-B5F2-4E91-9221-B76BFB1172CD}
		{CBC3AA1B-1FBA-4F69-91EC-10136CD18FD5} = {30C38A11-B5F2-4E91-9221-B76BFB1172CD}
		{E33696C3-AF2B-4820-B63E-7C2D27E927FD} = {30C38A11-B5F2-4E91-9221-B76BFB1172CD}
		{CA813586-6B5C-4292-B817-E00921CC4931} = {30C38A11-B5F2-4E91-9221-B76BFB1172CD}
		{63652BF4-AB8F-4254-B475-8C81CC0DC6DE} = {30C38A11-B5F2-4E91-9221-B76BFB1172CD}
		{9F2A131B-D11A-4940-BA24-A9F1F9ACF30A} = {87E0C799-DA20-4A93-ABEB-D06B6B997E5E}
	EndGlobalSection
	GlobalSection(ExtensibilityGlobals) = postSolution
		SolutionGuid = {E37E5D76-1055-4575-A8AF-0F123BC0663D}
	EndGlobalSection
EndGlobal
